
Microsoft Visual Studio Solution File, Format Version 12.00
# Visual Studio Version 17
VisualStudioVersion = 17.7.34031.279
MinimumVisualStudioVersion = 10.0.40219.1
Project("{FAE04EC0-301F-11D3-BF4B-00C04F79EFBC}") = "firstprogram", "firstprogram\firstprogram.csproj", "{B1D776EB-C8FA-47C1-9B24-A7543911FAA9}"
EndProject
Global
	GlobalSection(SolutionConfigurationPlatforms) = preSolution
		Debug|Any CPU = Debug|Any CPU
		Release|Any CPU = Release|Any CPU
	EndGlobalSection
	GlobalSection(ProjectConfigurationPlatforms) = postSolution
		{B1D776EB-C8FA-47C1-9B24-A7543911FAA9}.Debug|Any CPU.ActiveCfg = Debug|Any CPU
		{B1D776EB-C8FA-47C1-9B24-A7543911FAA9}.Debug|Any CPU.Build.0 = Debug|Any CPU
		{B1D776EB-C8FA-47C1-9B24-A7543911FAA9}.Release|Any CPU.ActiveCfg = Release|Any CPU
		{B1D776EB-C8FA-47C1-9B24-A7543911FAA9}.Release|Any CPU.Build.0 = Release|Any CPU
	EndGlobalSection
	GlobalSection(SolutionProperties) = preSolution
		HideSolutionNode = FALSE
	EndGlobalSection
	GlobalSection(ExtensibilityGlobals) = postSolution
		SolutionGuid = {4601C847-C5FA-4341-B309-E8FB108ABE77}
	EndGlobalSection
EndGlobal
